Microsoft Visual Studio Solution File, Format Version 11.00
# Visual Studio 2010
Project("{FAE04EC0-301F-11D3-BF4B-00C04F79EFBC}") = "DynamicComboBoxItemsSource", "DynamicComboBoxItemsSource\DynamicComboBoxItemsSource.csproj", "{CAD50887-907F-40C2-96A9-49FBF816E481}"
EndProject
Global
	GlobalSection(SolutionConfigurationPlatforms) = preSolution
		Debug|Any CPU = Debug|Any CPU
		Release|Any CPU = Release|Any CPU
	EndGlobalSection
	GlobalSection(ProjectConfigurationPlatforms) = postSolution
		{CAD50887-907F-40C2-96A9-49FBF816E481}.Debug|Any CPU.ActiveCfg = Debug|Any CPU
		{CAD50887-907F-40C2-96A9-49FBF816E481}.Debug|Any CPU.Build.0 = Debug|Any CPU
		{CAD50887-907F-40C2-96A9-49FBF816E481}.Release|Any CPU.ActiveCfg = Release|Any CPU
		{CAD50887-907F-40C2-96A9-49FBF816E481}.Release|Any CPU.Build.0 = Release|Any CPU
	EndGlobalSection
	GlobalSection(SolutionProperties) = preSolution
		HideSolutionNode = FALSE
	EndGlobalSection
EndGlobal
